// !$*UTF8*$!
{
	archiveVersion = 1;
	classes = {
	};
	objectVersion = 48;
	objects = {

/* Begin PBXBuildFile section */
		CC1ED78B1FB3847100862164 /* ViewController2.m in Sources */ = {isa = PBXBuildFile; fileRef = CC1ED78A1FB3847100862164 /* ViewController2.m */; };
		CC1ED78E1FB3853900862164 /* ViewController3.m in Sources */ = {isa = PBXBuildFile; fileRef = CC1ED78D1FB3853900862164 /* ViewController3.m */; };
		CC1ED7911FB3873000862164 /* Model.m in Sources */ = {isa = PBXBuildFile; fileRef = CC1ED7901FB3873000862164 /* Model.m */; };
		CC43E6B81FB373FA00676D1F /* AppDelegate.m in Sources */ = {isa = PBXBuildFile; fileRef = CC43E6B71FB373FA00676D1F /* AppDelegate.m */; };
		CC43E6BB1FB373FA00676D1F /* ViewController.m in Sources */ = {isa = PBXBuildFile; fileRef = CC43E6BA1FB373FA00676D1F /* ViewController.m */; };
		CC43E6BE1FB373FA00676D1F /* Main.storyboard in Resources */ = {isa = PBXBuildFile; fileRef = CC43E6BC1FB373FA00676D1F /* Main.storyboard */; };
		CC43E6C01FB373FA00676D1F /* Assets.xcassets in Resources */ = {isa = PBXBuildFile; fileRef = CC43E6BF1FB373FA00676D1F /* Assets.xcassets */; };
		CC43E6C31FB373FA00676D1F /* LaunchScreen.storyboard in Resources */ = {isa = PBXBuildFile; fileRef = CC43E6C11FB373FA00676D1F /* LaunchScreen.storyboard */; };
		CC43E6C61FB373FA00676D1F /* main.m in Sources */ = {isa = PBXBuildFile; fileRef = CC43E6C51FB373FA00676D1F /* main.m */; };
/* End PBXBuildFile section */

/* Begin PBXFileReference section */
		CC1ED7891FB3847100862164 /* ViewController2.h */ = {isa = PBXFileReference; lastKnownFileType = sourcecode.c.h; path = ViewController2.h; sourceTree = "<group>"; };
		CC1ED78A1FB3847100862164 /* ViewController2.m */ = {isa = PBXFileReference; lastKnownFileType = sourcecode.c.objc; path = ViewController2.m; sourceTree = "<group>"; };
		CC1ED78C1FB3853900862164 /* ViewController3.h */ = {isa = PBXFileReference; lastKnownFileType = sourcecode.c.h; path = ViewController3.h; sourceTree = "<group>"; };
		CC1ED78D1FB3853900862164 /* ViewController3.m */ = {isa = PBXFileReference; lastKnownFileType = sourcecode.c.objc; path = ViewController3.m; sourceTree = "<group>"; };
		CC1ED78F1FB3873000862164 /* Model.h */ = {isa = PBXFileReference; lastKnownFileType = sourcecode.c.h; path = Model.h; sourceTree = "<group>"; };
		CC1ED7901FB3873000862164 /* Model.m */ = {isa = PBXFileReference; lastKnownFileType = sourcecode.c.objc; path = Model.m; sourceTree = "<group>"; };
		CC43E6B31FB373FA00676D1F /* Lesson_65_1_GIT_ignore.app */ = {isa = PBXFileReference; explicitFileType = wrapper.application; includeInIndex = 0; path = Lesson_65_1_GIT_ignore.app; sourceTree = BUILT_PRODUCTS_DIR; };
		CC43E6B61FB373FA00676D1F /* AppDelegate.h */ = {isa = PBXFileReference; lastKnownFileType = sourcecode.c.h; path = AppDelegate.h; sourceTree = "<group>"; };
		CC43E6B71FB373FA00676D1F /* AppDelegate.m */ = {isa = PBXFileReference; lastKnownFileType = sourcecode.c.objc; path = AppDelegate.m; sourceTree = "<group>"; };
		CC43E6B91FB373FA00676D1F /* ViewController.h */ = {isa = PBXFileReference; lastKnownFileType = sourcecode.c.h; path = ViewController.h; sourceTree = "<group>"; };
		CC43E6BA1FB373FA00676D1F /* ViewController.m */ = {isa = PBXFileReference; lastKnownFileType = sourcecode.c.objc; path = ViewController.m; sourceTree = "<group>"; };
		CC43E6BD1FB373FA00676D1F /* Base */ = {isa = PBXFileReference; lastKnownFileType = file.storyboard; name = Base; path = Base.lproj/Main.storyboard; sourceTree = "<group>"; };
		CC43E6BF1FB373FA00676D1F /* Assets.xcassets */ = {isa = PBXFileReference; lastKnownFileType = folder.assetcatalog; path = Assets.xcassets; sourceTree = "<group>"; };
		CC43E6C21FB373FA00676D1F /* Base */ = {isa = PBXFileReference; lastKnownFileType = file.storyboard; name = Base; path = Base.lproj/LaunchScreen.storyboard; sourceTree = "<group>"; };
		CC43E6C41FB373FA00676D1F /* Info.plist */ = {isa = PBXFileReference; lastKnownFileType = text.plist.xml; path = Info.plist; sourceTree = "<group>"; };
		CC43E6C51FB373FA00676D1F /* main.m */ = {isa = PBXFileReference; lastKnownFileType = sourcecode.c.objc; path = main.m; sourceTree = "<group>"; };
/* End PBXFileReference section */

/* Begin PBXFrameworksBuildPhase section */
		CC43E6B01FB373FA00676D1F /* Frameworks */ = {
			isa = PBXFrameworksBuildPhase;
			buildActionMask = 2147483647;
			files = (
			);
			runOnlyForDeploymentPostprocessing = 0;
		};
/* End PBXFrameworksBuildPhase section */

/* Begin PBXGroup section */
		CC43E6AA1FB373FA00676D1F = {
			isa = PBXGroup;
			children = (
				CC43E6B51FB373FA00676D1F /* Lesson_65_1_GIT_ignore */,
				CC43E6B41FB373FA00676D1F /* Products */,
			);
			sourceTree = "<group>";
		};
		CC43E6B41FB373FA00676D1F /* Products */ = {
			isa = PBXGroup;
			children = (
				CC43E6B31FB373FA00676D1F /* Lesson_65_1_GIT_ignore.app */,
			);
			name = Products;
			sourceTree = "<group>";
		};
		CC43E6B51FB373FA00676D1F /* Lesson_65_1_GIT_ignore */ = {
			isa = PBXGroup;
			children = (
				CC43E6B61FB373FA00676D1F /* AppDelegate.h */,
				CC43E6B71FB373FA00676D1F /* AppDelegate.m */,
				CC1ED78F1FB3873000862164 /* Model.h */,
				CC1ED7901FB3873000862164 /* Model.m */,
				CC43E6B91FB373FA00676D1F /* ViewController.h */,
				CC43E6BA1FB373FA00676D1F /* ViewController.m */,
				CC1ED7891FB3847100862164 /* ViewController2.h */,
				CC1ED78A1FB3847100862164 /* ViewController2.m */,
				CC1ED78C1FB3853900862164 /* ViewController3.h */,
				CC1ED78D1FB3853900862164 /* ViewController3.m */,
				CC43E6BC1FB373FA00676D1F /* Main.storyboard */,
				CC43E6BF1FB373FA00676D1F /* Assets.xcassets */,
				CC43E6C11FB373FA00676D1F /* LaunchScreen.storyboard */,
				CC43E6C41FB373FA00676D1F /* Info.plist */,
				CC43E6C51FB373FA00676D1F /* main.m */,
			);
			path = Lesson_65_1_GIT_ignore;
			sourceTree = "<group>";
		};
/* End PBXGroup section */

/* Begin PBXNativeTarget section */
		CC43E6B21FB373FA00676D1F /* Lesson_65_1_GIT_ignore */ = {
			isa = PBXNativeTarget;
			buildConfigurationList = CC43E6C91FB373FA00676D1F /* Build configuration list for PBXNativeTarget "Lesson_65_1_GIT_ignore" */;
			buildPhases = (
				CC43E6AF1FB373FA00676D1F /* Sources */,
				CC43E6B01FB373FA00676D1F /* Frameworks */,
				CC43E6B11FB373FA00676D1F /* Resources */,
			);
			buildRules = (
			);
			dependencies = (
			);
			name = Lesson_65_1_GIT_ignore;
			productName = Lesson_65_1_GIT_ignore;
			productReference = CC43E6B31FB373FA00676D1F /* Lesson_65_1_GIT_ignore.app */;
			productType = "com.apple.product-type.application";
		};
/* End PBXNativeTarget section */

/* Begin PBXProject section */
		CC43E6AB1FB373FA00676D1F /* Project object */ = {
			isa = PBXProject;
			attributes = {
				LastUpgradeCheck = 0910;
				ORGANIZATIONNAME = "Pavel Soloviov";
				TargetAttributes = {
					CC43E6B21FB373FA00676D1F = {
						CreatedOnToolsVersion = 9.1;
						ProvisioningStyle = Automatic;
					};
				};
			};
			buildConfigurationList = CC43E6AE1FB373FA00676D1F /* Build configuration list for PBXProject "Lesson_65_1_GIT_ignore" */;
			compatibilityVersion = "Xcode 8.0";
			developmentRegion = en;
			hasScannedForEncodings = 0;
			knownRegions = (
				en,
				Base,
			);
			mainGroup = CC43E6AA1FB373FA00676D1F;
			productRefGroup = CC43E6B41FB373FA00676D1F /* Products */;
			projectDirPath = "";
			projectRoot = "";
			targets = (
				CC43E6B21FB373FA00676D1F /* Lesson_65_1_GIT_ignore */,
			);
		};
/* End PBXProject section */

/* Begin PBXResourcesBuildPhase section */
		CC43E6B11FB373FA00676D1F /* Resources */ = {
			isa = PBXResourcesBuildPhase;
			buildActionMask = 2147483647;
			files = (
				CC43E6C31FB373FA00676D1F /* LaunchScreen.storyboard in Resources */,
				CC43E6C01FB373FA00676D1F /* Assets.xcassets in Resources */,
				CC43E6BE1FB373FA00676D1F /* Main.storyboard in Resources */,
			);
			runOnlyForDeploymentPostprocessing = 0;
		};
/* End PBXResourcesBuildPhase section */

/* Begin PBXSourcesBuildPhase section */
		CC43E6AF1FB373FA00676D1F /* Sources */ = {
			isa = PBXSourcesBuildPhase;
			buildActionMask = 2147483647;
			files = (
				CC43E6BB1FB373FA00676D1F /* ViewController.m in Sources */,
				CC1ED78B1FB3847100862164 /* ViewController2.m in Sources */,
				CC43E6C61FB373FA00676D1F /* main.m in Sources */,
				CC43E6B81FB373FA00676D1F /* AppDelegate.m in Sources */,
				CC1ED78E1FB3853900862164 /* ViewController3.m in Sources */,
				CC1ED7911FB3873000862164 /* Model.m in Sources */,
			);
			runOnlyForDeploymentPostprocessing = 0;
		};
/* End PBXSourcesBuildPhase section */

/* Begin PBXVariantGroup section */
		CC43E6BC1FB373FA00676D1F /* Main.storyboard */ = {
			isa = PBXVariantGroup;
			children = (
				CC43E6BD1FB373FA00676D1F /* Base */,
			);
			name = Main.storyboard;
			sourceTree = "<group>";
		};
		CC43E6C11FB373FA00676D1F /* LaunchScreen.storyboard */ = {
			isa = PBXVariantGroup;
			children = (
				CC43E6C21FB373FA00676D1F /* Base */,
			);
			name = LaunchScreen.storyboard;
			sourceTree = "<group>";
		};
/* End PBXVariantGroup section */

/* Begin XCBuildConfiguration section */
		CC43E6C71FB373FA00676D1F /* Debug */ = {
			isa = XCBuildConfiguration;
			buildSettings = {
				ALWAYS_SEARCH_USER_PATHS = NO;
				CLANG_ANALYZER_NONNULL = YES;
				CLANG_ANALYZER_NUMBER_OBJECT_CONVERSION = YES_AGGRESSIVE;
				CLANG_CXX_LANGUAGE_STANDARD = "gnu++14";
				CLANG_CXX_LIBRARY = "libc++";
				CLANG_ENABLE_MODULES = YES;
				CLANG_ENABLE_OBJC_ARC = YES;
				CLANG_WARN_BLOCK_CAPTURE_AUTORELEASING = YES;
				CLANG_WARN_BOOL_CONVERSION = YES;
				CLANG_WARN_COMMA = YES;
				CLANG_WARN_CONSTANT_CONVERSION = YES;
				CLANG_WARN_DIRECT_OBJC_ISA_USAGE = YES_ERROR;
				CLANG_WARN_DOCUMENTATION_COMMENTS = YES;
				CLANG_WARN_EMPTY_BODY = YES;
				CLANG_WARN_ENUM_CONVERSION = YES;
				CLANG_WARN_INFINITE_RECURSION = YES;
				CLANG_WARN_INT_CONVERSION = YES;
				CLANG_WARN_NON_LITERAL_NULL_CONVERSION = YES;
				CLANG_WARN_OBJC_LITERAL_CONVERSION = YES;
				CLANG_WARN_OBJC_ROOT_CLASS = YES_ERROR;
				CLANG_WARN_RANGE_LOOP_ANALYSIS = YES;
				CLANG_WARN_STRICT_PROTOTYPES = YES;
				CLANG_WARN_SUSPICIOUS_MOVE = YES;
				CLANG_WARN_UNGUARDED_AVAILABILITY = YES_AGGRESSIVE;
				CLANG_WARN_UNREACHABLE_CODE = YES;
				CLANG_WARN__DUPLICATE_METHOD_MATCH = YES;
				CODE_SIGN_IDENTITY = "iPhone Developer";
				COPY_PHASE_STRIP = NO;
				DEBUG_INFORMATION_FORMAT = dwarf;
				ENABLE_STRICT_OBJC_MSGSEND = YES;
				ENABLE_TESTABILITY = YES;
				GCC_C_LANGUAGE_STANDARD = gnu11;
				GCC_DYNAMIC_NO_PIC = NO;
				GCC_NO_COMMON_BLOCKS = YES;
				GCC_OPTIMIZATION_LEVEL = 0;
				GCC_PREPROCESSOR_DEFINITIONS = (
					"DEBUG=1",
					"$(inherited)",
				);
				GCC_WARN_64_TO_32_BIT_CONVERSION = YES;
				GCC_WARN_ABOUT_RETURN_TYPE = YES_ERROR;
				GCC_WARN_UNDECLARED_SELECTOR = YES;
				GCC_WARN_UNINITIALIZED_AUTOS = YES_AGGRESSIVE;
				GCC_WARN_UNUSED_FUNCTION = YES;
				GCC_WARN_UNUSED_VARIABLE = YES;
				IPHONEOS_DEPLOYMENT_TARGET = 11.1;
				MTL_ENABLE_DEBUG_INFO = YES;
				ONLY_ACTIVE_ARCH = YES;
				SDKROOT = iphoneos;
			};
			name = Debug;
		};
		CC43E6C81FB373FA00676D1F /* Release */ = {
			isa = XCBuildConfiguration;
			buildSettings = {
				ALWAYS_SEARCH_USER_PATHS = NO;
				CLANG_ANALYZER_NONNULL = YES;
				CLANG_ANALYZER_NUMBER_OBJECT_CONVERSION = YES_AGGRESSIVE;
				CLANG_CXX_LANGUAGE_STANDARD = "gnu++14";
				CLANG_CXX_LIBRARY = "libc++";
				CLANG_ENABLE_MODULES = YES;
				CLANG_ENABLE_OBJC_ARC = YES;
				CLANG_WARN_BLOCK_CAPTURE_AUTORELEASING = YES;
				CLANG_WARN_BOOL_CONVERSION = YES;
				CLANG_WARN_COMMA = YES;
				CLANG_WARN_CONSTANT_CONVERSION = YES;
				CLANG_WARN_DIRECT_OBJC_ISA_USAGE = YES_ERROR;
				CLANG_WARN_DOCUMENTATION_COMMENTS = YES;
				CLANG_WARN_EMPTY_BODY = YES;
				CLANG_WARN_ENUM_CONVERSION = YES;
				CLANG_WARN_INFINITE_RECURSION = YES;
				CLANG_WARN_INT_CONVERSION = YES;
				CLANG_WARN_NON_LITERAL_NULL_CONVERSION = YES;
				CLANG_WARN_OBJC_LITERAL_CONVERSION = YES;
				CLANG_WARN_OBJC_ROOT_CLASS = YES_ERROR;
				CLANG_WARN_RANGE_LOOP_ANALYSIS = YES;
				CLANG_WARN_STRICT_PROTOTYPES = YES;
				CLANG_WARN_SUSPICIOUS_MOVE = YES;
				CLANG_WARN_UNGUARDED_AVAILABILITY = YES_AGGRESSIVE;
				CLANG_WARN_UNREACHABLE_CODE = YES;
				CLANG_WARN__DUPLICATE_METHOD_MATCH = YES;
				CODE_SIGN_IDENTITY = "iPhone Developer";
				COPY_PHASE_STRIP = NO;
				DEBUG_INFORMATION_FORMAT = "dwarf-with-dsym";
				ENABLE_NS_ASSERTIONS = NO;
				ENABLE_STRICT_OBJC_MSGSEND = YES;
				GCC_C_LANGUAGE_STANDARD = gnu11;
				GCC_NO_COMMON_BLOCKS = YES;
				GCC_WARN_64_TO_32_BIT_CONVERSION = YES;
				GCC_WARN_ABOUT_RETURN_TYPE = YES_ERROR;
				GCC_WARN_UNDECLARED_SELECTOR = YES;
				GCC_WARN_UNINITIALIZED_AUTOS = YES_AGGRESSIVE;
				GCC_WARN_UNUSED_FUNCTION = YES;
				GCC_WARN_UNUSED_VARIABLE = YES;
				IPHONEOS_DEPLOYMENT_TARGET = 11.1;
				MTL_ENABLE_DEBUG_INFO = NO;
				SDKROOT = iphoneos;
				VALIDATE_PRODUCT = YES;
			};
			name = Release;
		};
		CC43E6CA1FB373FA00676D1F /* Debug */ = {
			isa = XCBuildConfiguration;
			buildSettings = {
				ASSETCATALOG_COMPILER_APPICON_NAME = AppIcon;
				CODE_SIGN_STYLE = Automatic;
				INFOPLIST_FILE = Lesson_65_1_GIT_ignore/Info.plist;
				LD_RUNPATH_SEARCH_PATHS = "$(inherited) @executable_path/Frameworks";
				PRODUCT_BUNDLE_IDENTIFIER = "HomeDev.Lesson-65-1-GIT-ignore";
				PRODUCT_NAME = "$(TARGET_NAME)";
				TARGETED_DEVICE_FAMILY = "1,2";
			};
			name = Debug;
		};
		CC43E6CB1FB373FA00676D1F /* Release */ = {
			isa = XCBuildConfiguration;
			buildSettings = {
				ASSETCATALOG_COMPILER_APPICON_NAME = AppIcon;
				CODE_SIGN_STYLE = Automatic;
				INFOPLIST_FILE = Lesson_65_1_GIT_ignore/Info.plist;
				LD_RUNPATH_SEARCH_PATHS = "$(inherited) @executable_path/Frameworks";
				PRODUCT_BUNDLE_IDENTIFIER = "HomeDev.Lesson-65-1-GIT-ignore";
				PRODUCT_NAME = "$(TARGET_NAME)";
				TARGETED_DEVICE_FAMILY = "1,2";
			};
			name = Release;
		};
/* End XCBuildConfiguration section */

/* Begin XCConfigurationList section */
		CC43E6AE1FB373FA00676D1F /* Build configuration list for PBXProject "Lesson_65_1_GIT_ignore" */ = {
			isa = XCConfigurationList;
			buildConfigurations = (
				CC43E6C71FB373FA00676D1F /* Debug */,
				CC43E6C81FB373FA00676D1F /* Release */,
			);
			defaultConfigurationIsVisible = 0;
			defaultConfigurationName = Release;
		};
		CC43E6C91FB373FA00676D1F /* Build configuration list for PBXNativeTarget "Lesson_65_1_GIT_ignore" */ = {
			isa = XCConfigurationList;
			buildConfigurations = (
				CC43E6CA1FB373FA00676D1F /* Debug */,
				CC43E6CB1FB373FA00676D1F /* Release */,
			);
			defaultConfigurationIsVisible = 0;
			defaultConfigurationName = Release;
		};
/* End XCConfigurationList section */
	};
	rootObject = CC43E6AB1FB373FA00676D1F /* Project object */;
}
